
Microsoft Visual Studio Solution File, Format Version 12.00
# Visual Studio Version 17
VisualStudioVersion = 17.13.35818.85
MinimumVisualStudioVersion = 10.0.40219.1
Project("{FAE04EC0-301F-11D3-BF4B-00C04F79EFBC}") = "SalaryFinanceInterview.Api", "SalaryFinanceInterview\SalaryFinanceInterview.Api.csproj", "{CE02F79D-ABAA-4B95-BF34-6F5DF515C8B5}"
EndProject
Project("{FAE04EC0-301F-11D3-BF4B-00C04F79EFBC}") = "SalaryFinanceInterview.ApiClient", "SalaryFinanceInterview.ApiClient\SalaryFinanceInterview.ApiClient.csproj", "{E1BEF533-E2E2-4717-9FA9-614D7FA9F699}"
EndProject
Project("{FAE04EC0-301F-11D3-BF4B-00C04F79EFBC}") = "SalaryFinanceInterview.ConsoleDemo", "SalaryFinanceInterview.ConsoleDemo\SalaryFinanceInterview.ConsoleDemo.csproj", "{8C30AD9E-2013-4183-ABDA-E1705DBF6269}"
EndProject
Project("{FAE04EC0-301F-11D3-BF4B-00C04F79EFBC}") = "SalaryFinanceInterview.WebDemo", "SalaryFinanceInterview.WebDemo\SalaryFinanceInterview.WebDemo.csproj", "{CEEE6136-A952-47D7-B961-5946CCB70705}"
EndProject
Global
	GlobalSection(SolutionConfigurationPlatforms) = preSolution
		Debug|Any CPU = Debug|Any CPU
		Release|Any CPU = Release|Any CPU
	EndGlobalSection
	GlobalSection(ProjectConfigurationPlatforms) = postSolution
		{CE02F79D-ABAA-4B95-BF34-6F5DF515C8B5}.Debug|Any CPU.ActiveCfg = Debug|Any CPU
		{CE02F79D-ABAA-4B95-BF34-6F5DF515C8B5}.Debug|Any CPU.Build.0 = Debug|Any CPU
		{CE02F79D-ABAA-4B95-BF34-6F5DF515C8B5}.Release|Any CPU.ActiveCfg = Release|Any CPU
		{CE02F79D-ABAA-4B95-BF34-6F5DF515C8B5}.Release|Any CPU.Build.0 = Release|Any CPU
		{E1BEF533-E2E2-4717-9FA9-614D7FA9F699}.Debug|Any CPU.ActiveCfg = Debug|Any CPU
		{E1BEF533-E2E2-4717-9FA9-614D7FA9F699}.Debug|Any CPU.Build.0 = Debug|Any CPU
		{E1BEF533-E2E2-4717-9FA9-614D7FA9F699}.Release|Any CPU.ActiveCfg = Release|Any CPU
		{E1BEF533-E2E2-4717-9FA9-614D7FA9F699}.Release|Any CPU.Build.0 = Release|Any CPU
		{8C30AD9E-2013-4183-ABDA-E1705DBF6269}.Debug|Any CPU.ActiveCfg = Debug|Any CPU
		{8C30AD9E-2013-4183-ABDA-E1705DBF6269}.Debug|Any CPU.Build.0 = Debug|Any CPU
		{8C30AD9E-2013-4183-ABDA-E1705DBF6269}.Release|Any CPU.ActiveCfg = Release|Any CPU
		{8C30AD9E-2013-4183-ABDA-E1705DBF6269}.Release|Any CPU.Build.0 = Release|Any CPU
		{CEEE6136-A952-47D7-B961-5946CCB70705}.Debug|Any CPU.ActiveCfg = Debug|Any CPU
		{CEEE6136-A952-47D7-B961-5946CCB70705}.Debug|Any CPU.Build.0 = Debug|Any CPU
		{CEEE6136-A952-47D7-B961-5946CCB70705}.Release|Any CPU.ActiveCfg = Release|Any CPU
		{CEEE6136-A952-47D7-B961-5946CCB70705}.Release|Any CPU.Build.0 = Release|Any CPU
	EndGlobalSection
	GlobalSection(SolutionProperties) = preSolution
		HideSolutionNode = FALSE
	EndGlobalSection
	GlobalSection(ExtensibilityGlobals) = postSolution
		SolutionGuid = {265F86AF-AED6-4C59-AFBD-E65C56AC8968}
	EndGlobalSection
EndGlobal
